// !$*UTF8*$!
{
	archiveVersion = 1;
	classes = {
	};
	objectVersion = 50;
	objects = {

/* Begin PBXBuildFile section */
		1001709326EF0DA200453152 /* Cocoa.framework in Frameworks */ = {isa = PBXBuildFile; fileRef = 1001709226EF0DA200453152 /* Cocoa.framework */; };
		1001709726EF0DA200453152 /* GlyphsPluginHelper.m in Sources */ = {isa = PBXBuildFile; fileRef = 1001709626EF0DA200453152 /* GlyphsPluginHelper.m */; };
		1001709A26EF0DA200453152 /* GlyphsPluginHelperView.xib in Resources */ = {isa = PBXBuildFile; fileRef = 1001709826EF0DA200453152 /* GlyphsPluginHelperView.xib */; };
		1001709C26EF0DA200453152 /* GlyphsCore.framework in Frameworks */ = {isa = PBXBuildFile; fileRef = 1001709B26EF0DA200453152 /* GlyphsCore.framework */; };
		1001709E26EF0DA200453152 /* GlyphsPluginHelper-Prefix.pch in Resources */ = {isa = PBXBuildFile; fileRef = 1001709D26EF0DA200453152 /* GlyphsPluginHelper-Prefix.pch */; };
/* End PBXBuildFile section */

/* Begin PBXFileReference section */
		1001708F26EF0DA200453152 /* GlyphsPluginHelper.glyphsPalette */ = {isa = PBXFileReference; explicitFileType = wrapper.cfbundle; includeInIndex = 0; path = GlyphsPluginHelper.glyphsPalette; sourceTree = BUILT_PRODUCTS_DIR; };
		1001709226EF0DA200453152 /* Cocoa.framework */ = {isa = PBXFileReference; lastKnownFileType = wrapper.framework; name = Cocoa.framework; path = System/Library/Frameworks/Cocoa.framework; sourceTree = SDKROOT; };
		1001709526EF0DA200453152 /* GlyphsPluginHelper.h */ = {isa = PBXFileReference; lastKnownFileType = sourcecode.c.h; path = GlyphsPluginHelper.h; sourceTree = "<group>"; };
		1001709626EF0DA200453152 /* GlyphsPluginHelper.m */ = {isa = PBXFileReference; lastKnownFileType = sourcecode.c.objc; path = GlyphsPluginHelper.m; sourceTree = "<group>"; };
		1001709926EF0DA200453152 /* en */ = {isa = PBXFileReference; lastKnownFileType = file.xib; name = en; path = en.lproj/GlyphsPluginHelperView.xib; sourceTree = "<group>"; };
		1001709B26EF0DA200453152 /* GlyphsCore.framework */ = {isa = PBXFileReference; lastKnownFileType = wrapper.framework; name = GlyphsCore.framework; path = "/Applications/Glyphs 3.app/Contents/Frameworks/GlyphsCore.framework"; sourceTree = "<absolute>"; };
		1001709D26EF0DA200453152 /* GlyphsPluginHelper-Prefix.pch */ = {isa = PBXFileReference; lastKnownFileType = sourcecode.c.h; path = "GlyphsPluginHelper-Prefix.pch"; sourceTree = "<group>"; };
		1001709F26EF0DA200453152 /* Info.plist */ = {isa = PBXFileReference; lastKnownFileType = text.plist.xml; path = Info.plist; sourceTree = "<group>"; };
/* End PBXFileReference section */

/* Begin PBXFrameworksBuildPhase section */
		1001708C26EF0DA200453152 /* Frameworks */ = {
			isa = PBXFrameworksBuildPhase;
			buildActionMask = 2147483647;
			files = (
				1001709C26EF0DA200453152 /* GlyphsCore.framework in Frameworks */,
				1001709326EF0DA200453152 /* Cocoa.framework in Frameworks */,
			);
			runOnlyForDeploymentPostprocessing = 0;
		};
/* End PBXFrameworksBuildPhase section */

/* Begin PBXGroup section */
		1001708626EF0DA200453152 = {
			isa = PBXGroup;
			children = (
				1001709426EF0DA200453152 /* GlyphsPluginHelper */,
				1001709126EF0DA200453152 /* Frameworks */,
				1001709026EF0DA200453152 /* Products */,
			);
			sourceTree = "<group>";
		};
		1001709026EF0DA200453152 /* Products */ = {
			isa = PBXGroup;
			children = (
				1001708F26EF0DA200453152 /* GlyphsPluginHelper.glyphsPalette */,
			);
			name = Products;
			sourceTree = "<group>";
		};
		1001709126EF0DA200453152 /* Frameworks */ = {
			isa = PBXGroup;
			children = (
				1001709226EF0DA200453152 /* Cocoa.framework */,
			);
			name = Frameworks;
			sourceTree = "<group>";
		};
		1001709426EF0DA200453152 /* GlyphsPluginHelper */ = {
			isa = PBXGroup;
			children = (
				1001709526EF0DA200453152 /* GlyphsPluginHelper.h */,
				1001709626EF0DA200453152 /* GlyphsPluginHelper.m */,
				1001709826EF0DA200453152 /* GlyphsPluginHelperView.xib */,
				1001709B26EF0DA200453152 /* GlyphsCore.framework */,
				1001709D26EF0DA200453152 /* GlyphsPluginHelper-Prefix.pch */,
				1001709F26EF0DA200453152 /* Info.plist */,
			);
			path = GlyphsPluginHelper;
			sourceTree = "<group>";
		};
/* End PBXGroup section */

/* Begin PBXNativeTarget section */
		1001708E26EF0DA200453152 /* GlyphsPluginHelper */ = {
			isa = PBXNativeTarget;
			buildConfigurationList = 100170A226EF0DA200453152 /* Build configuration list for PBXNativeTarget "GlyphsPluginHelper" */;
			buildPhases = (
				1001708B26EF0DA200453152 /* Sources */,
				1001708C26EF0DA200453152 /* Frameworks */,
				1001708D26EF0DA200453152 /* Resources */,
			);
			buildRules = (
			);
			dependencies = (
			);
			name = GlyphsPluginHelper;
			productName = GlyphsPluginHelper;
			productReference = 1001708F26EF0DA200453152 /* GlyphsPluginHelper.glyphsPalette */;
			productType = "com.apple.product-type.bundle";
		};
/* End PBXNativeTarget section */

/* Begin PBXProject section */
		1001708726EF0DA200453152 /* Project object */ = {
			isa = PBXProject;
			attributes = {
				LastUpgradeCheck = 1240;
				TargetAttributes = {
					1001708E26EF0DA200453152 = {
						CreatedOnToolsVersion = 12.4;
					};
				};
			};
			buildConfigurationList = 1001708A26EF0DA200453152 /* Build configuration list for PBXProject "GlyphsPluginHelper" */;
			compatibilityVersion = "Xcode 9.3";
			developmentRegion = en;
			hasScannedForEncodings = 0;
			knownRegions = (
				en,
				Base,
			);
			mainGroup = 1001708626EF0DA200453152;
			productRefGroup = 1001709026EF0DA200453152 /* Products */;
			projectDirPath = "";
			projectRoot = "";
			targets = (
				1001708E26EF0DA200453152 /* GlyphsPluginHelper */,
			);
		};
/* End PBXProject section */

/* Begin PBXResourcesBuildPhase section */
		1001708D26EF0DA200453152 /* Resources */ = {
			isa = PBXResourcesBuildPhase;
			buildActionMask = 2147483647;
			files = (
				1001709A26EF0DA200453152 /* GlyphsPluginHelperView.xib in Resources */,
				1001709E26EF0DA200453152 /* GlyphsPluginHelper-Prefix.pch in Resources */,
			);
			runOnlyForDeploymentPostprocessing = 0;
		};
/* End PBXResourcesBuildPhase section */

/* Begin PBXSourcesBuildPhase section */
		1001708B26EF0DA200453152 /* Sources */ = {
			isa = PBXSourcesBuildPhase;
			buildActionMask = 2147483647;
			files = (
				1001709726EF0DA200453152 /* GlyphsPluginHelper.m in Sources */,
			);
			runOnlyForDeploymentPostprocessing = 0;
		};
/* End PBXSourcesBuildPhase section */

/* Begin PBXVariantGroup section */
		1001709826EF0DA200453152 /* GlyphsPluginHelperView.xib */ = {
			isa = PBXVariantGroup;
			children = (
				1001709926EF0DA200453152 /* en */,
			);
			name = GlyphsPluginHelperView.xib;
			sourceTree = "<group>";
		};
/* End PBXVariantGroup section */

/* Begin XCBuildConfiguration section */
		100170A026EF0DA200453152 /* Debug */ = {
			isa = XCBuildConfiguration;
			buildSettings = {
				ALWAYS_SEARCH_USER_PATHS = NO;
				CLANG_ANALYZER_NONNULL = YES;
				CLANG_ANALYZER_NUMBER_OBJECT_CONVERSION = YES_AGGRESSIVE;
				CLANG_CXX_LANGUAGE_STANDARD = "gnu++14";
				CLANG_CXX_LIBRARY = "libc++";
				CLANG_ENABLE_MODULES = YES;
				CLANG_ENABLE_OBJC_ARC = YES;
				CLANG_ENABLE_OBJC_WEAK = YES;
				CLANG_WARN_BLOCK_CAPTURE_AUTORELEASING = YES;
				CLANG_WARN_BOOL_CONVERSION = YES;
				CLANG_WARN_COMMA = YES;
				CLANG_WARN_CONSTANT_CONVERSION = YES;
				CLANG_WARN_DEPRECATED_OBJC_IMPLEMENTATIONS = YES;
				CLANG_WARN_DIRECT_OBJC_ISA_USAGE = YES_ERROR;
				CLANG_WARN_DOCUMENTATION_COMMENTS = YES;
				CLANG_WARN_EMPTY_BODY = YES;
				CLANG_WARN_ENUM_CONVERSION = YES;
				CLANG_WARN_INFINITE_RECURSION = YES;
				CLANG_WARN_INT_CONVERSION = YES;
				CLANG_WARN_NON_LITERAL_NULL_CONVERSION = YES;
				CLANG_WARN_OBJC_IMPLICIT_RETAIN_SELF = YES;
				CLANG_WARN_OBJC_LITERAL_CONVERSION = YES;
				CLANG_WARN_OBJC_ROOT_CLASS = YES_ERROR;
				CLANG_WARN_QUOTED_INCLUDE_IN_FRAMEWORK_HEADER = YES;
				CLANG_WARN_RANGE_LOOP_ANALYSIS = YES;
				CLANG_WARN_STRICT_PROTOTYPES = YES;
				CLANG_WARN_SUSPICIOUS_MOVE = YES;
				CLANG_WARN_UNGUARDED_AVAILABILITY = YES_AGGRESSIVE;
				CLANG_WARN_UNREACHABLE_CODE = YES;
				CLANG_WARN__DUPLICATE_METHOD_MATCH = YES;
				COPY_PHASE_STRIP = NO;
				DEBUG_INFORMATION_FORMAT = dwarf;
				ENABLE_STRICT_OBJC_MSGSEND = YES;
				ENABLE_TESTABILITY = YES;
				GCC_C_LANGUAGE_STANDARD = gnu11;
				GCC_DYNAMIC_NO_PIC = NO;
				GCC_NO_COMMON_BLOCKS = YES;
				GCC_OPTIMIZATION_LEVEL = 0;
				GCC_PREPROCESSOR_DEFINITIONS = (
					"DEBUG=1",
					"$(inherited)",
				);
				GCC_WARN_64_TO_32_BIT_CONVERSION = YES;
				GCC_WARN_ABOUT_RETURN_TYPE = YES_ERROR;
				GCC_WARN_UNDECLARED_SELECTOR = YES;
				GCC_WARN_UNINITIALIZED_AUTOS = YES_AGGRESSIVE;
				GCC_WARN_UNUSED_FUNCTION = YES;
				GCC_WARN_UNUSED_VARIABLE = YES;
				MACOSX_DEPLOYMENT_TARGET = 11.1;
				MTL_ENABLE_DEBUG_INFO = INCLUDE_SOURCE;
				MTL_FAST_MATH = YES;
				ONLY_ACTIVE_ARCH = YES;
				SDKROOT = macosx;
			};
			name = Debug;
		};
		100170A126EF0DA200453152 /* Release */ = {
			isa = XCBuildConfiguration;
			buildSettings = {
				ALWAYS_SEARCH_USER_PATHS = NO;
				CLANG_ANALYZER_NONNULL = YES;
				CLANG_ANALYZER_NUMBER_OBJECT_CONVERSION = YES_AGGRESSIVE;
				CLANG_CXX_LANGUAGE_STANDARD = "gnu++14";
				CLANG_CXX_LIBRARY = "libc++";
				CLANG_ENABLE_MODULES = YES;
				CLANG_ENABLE_OBJC_ARC = YES;
				CLANG_ENABLE_OBJC_WEAK = YES;
				CLANG_WARN_BLOCK_CAPTURE_AUTORELEASING = YES;
				CLANG_WARN_BOOL_CONVERSION = YES;
				CLANG_WARN_COMMA = YES;
				CLANG_WARN_CONSTANT_CONVERSION = YES;
				CLANG_WARN_DEPRECATED_OBJC_IMPLEMENTATIONS = YES;
				CLANG_WARN_DIRECT_OBJC_ISA_USAGE = YES_ERROR;
				CLANG_WARN_DOCUMENTATION_COMMENTS = YES;
				CLANG_WARN_EMPTY_BODY = YES;
				CLANG_WARN_ENUM_CONVERSION = YES;
				CLANG_WARN_INFINITE_RECURSION = YES;
				CLANG_WARN_INT_CONVERSION = YES;
				CLANG_WARN_NON_LITERAL_NULL_CONVERSION = YES;
				CLANG_WARN_OBJC_IMPLICIT_RETAIN_SELF = YES;
				CLANG_WARN_OBJC_LITERAL_CONVERSION = YES;
				CLANG_WARN_OBJC_ROOT_CLASS = YES_ERROR;
				CLANG_WARN_QUOTED_INCLUDE_IN_FRAMEWORK_HEADER = YES;
				CLANG_WARN_RANGE_LOOP_ANALYSIS = YES;
				CLANG_WARN_STRICT_PROTOTYPES = YES;
				CLANG_WARN_SUSPICIOUS_MOVE = YES;
				CLANG_WARN_UNGUARDED_AVAILABILITY = YES_AGGRESSIVE;
				CLANG_WARN_UNREACHABLE_CODE = YES;
				CLANG_WARN__DUPLICATE_METHOD_MATCH = YES;
				COPY_PHASE_STRIP = NO;
				DEBUG_INFORMATION_FORMAT = "dwarf-with-dsym";
				ENABLE_NS_ASSERTIONS = NO;
				ENABLE_STRICT_OBJC_MSGSEND = YES;
				GCC_C_LANGUAGE_STANDARD = gnu11;
				GCC_NO_COMMON_BLOCKS = YES;
				GCC_WARN_64_TO_32_BIT_CONVERSION = YES;
				GCC_WARN_ABOUT_RETURN_TYPE = YES_ERROR;
				GCC_WARN_UNDECLARED_SELECTOR = YES;
				GCC_WARN_UNINITIALIZED_AUTOS = YES_AGGRESSIVE;
				GCC_WARN_UNUSED_FUNCTION = YES;
				GCC_WARN_UNUSED_VARIABLE = YES;
				MACOSX_DEPLOYMENT_TARGET = 11.1;
				MTL_ENABLE_DEBUG_INFO = NO;
				MTL_FAST_MATH = YES;
				SDKROOT = macosx;
			};
			name = Release;
		};
		100170A326EF0DA200453152 /* Debug */ = {
			isa = XCBuildConfiguration;
			buildSettings = {
				CODE_SIGN_STYLE = Automatic;
				COMBINE_HIDPI_IMAGES = YES;
				DEPLOYMENT_LOCATION = YES;
				DSTROOT = "$(USER_LIBRARY_DIR)/Application Support/Glyphs 3/Plugins";
				FRAMEWORK_SEARCH_PATHS = "\"$(SYSTEM_APPS_DIR)/Glyphs 3.app/Contents/Frameworks\"";
				GCC_PREFIX_HEADER = "GlyphsPluginHelper/GlyphsPluginHelper-Prefix.pch";
				INFOPLIST_FILE = GlyphsPluginHelper/Info.plist;
				INSTALL_PATH = /;
				PRODUCT_BUNDLE_IDENTIFIER = com.kadimisetty.GlyphsPluginHelper;
				PRODUCT_NAME = "$(TARGET_NAME)";
				WRAPPER_EXTENSION = glyphsPalette;
			};
			name = Debug;
		};
		100170A426EF0DA200453152 /* Release */ = {
			isa = XCBuildConfiguration;
			buildSettings = {
				CODE_SIGN_STYLE = Automatic;
				COMBINE_HIDPI_IMAGES = YES;
				FRAMEWORK_SEARCH_PATHS = "\"$(SYSTEM_APPS_DIR)/Glyphs 3.app/Contents/Frameworks\"";
				GCC_PREFIX_HEADER = "GlyphsPluginHelper/GlyphsPluginHelper-Prefix.pch";
				INFOPLIST_FILE = GlyphsPluginHelper/Info.plist;
				INSTALL_PATH = /;
				PRODUCT_BUNDLE_IDENTIFIER = com.kadimisetty.GlyphsPluginHelper;
				PRODUCT_NAME = "$(TARGET_NAME)";
				WRAPPER_EXTENSION = glyphsPalette;
			};
			name = Release;
		};
/* End XCBuildConfiguration section */

/* Begin XCConfigurationList section */
		1001708A26EF0DA200453152 /* Build configuration list for PBXProject "GlyphsPluginHelper" */ = {
			isa = XCConfigurationList;
			buildConfigurations = (
				100170A026EF0DA200453152 /* Debug */,
				100170A126EF0DA200453152 /* Release */,
			);
			defaultConfigurationIsVisible = 0;
			defaultConfigurationName = Release;
		};
		100170A226EF0DA200453152 /* Build configuration list for PBXNativeTarget "GlyphsPluginHelper" */ = {
			isa = XCConfigurationList;
			buildConfigurations = (
				100170A326EF0DA200453152 /* Debug */,
				100170A426EF0DA200453152 /* Release */,
			);
			defaultConfigurationIsVisible = 0;
			defaultConfigurationName = Release;
		};
/* End XCConfigurationList section */
	};
	rootObject = 1001708726EF0DA200453152 /* Project object */;
}
